
Microsoft Visual Studio Solution File, Format Version 12.00
# Visual Studio 15
VisualStudioVersion = 15.0.27703.2047
MinimumVisualStudioVersion = 10.0.40219.1
Project("{FAE04EC0-301F-11D3-BF4B-00C04F79EFBC}") = "VisualStudioFreezingRepro", "VisualStudioFreezingRepro\VisualStudioFreezingRepro.csproj", "{640D20DC-AFE9-45EB-BE01-698835A7153D}"
EndProject
Global
	GlobalSection(SolutionConfigurationPlatforms) = preSolution
		Debug|Any CPU = Debug|Any CPU
		Release|Any CPU = Release|Any CPU
	EndGlobalSection
	GlobalSection(ProjectConfigurationPlatforms) = postSolution
		{640D20DC-AFE9-45EB-BE01-698835A7153D}.Debug|Any CPU.ActiveCfg = Debug|Any CPU
		{640D20DC-AFE9-45EB-BE01-698835A7153D}.Debug|Any CPU.Build.0 = Debug|Any CPU
		{640D20DC-AFE9-45EB-BE01-698835A7153D}.Release|Any CPU.ActiveCfg = Release|Any CPU
		{640D20DC-AFE9-45EB-BE01-698835A7153D}.Release|Any CPU.Build.0 = Release|Any CPU
	EndGlobalSection
	GlobalSection(SolutionProperties) = preSolution
		HideSolutionNode = FALSE
	EndGlobalSection
	GlobalSection(ExtensibilityGlobals) = postSolution
		SolutionGuid = {71F93420-6119-4BCE-88C6-662511D8F58C}
	EndGlobalSection
EndGlobal
